
Microsoft Visual Studio Solution File, Format Version 12.00
# Visual Studio Version 16
VisualStudioVersion = 16.0.30204.135
MinimumVisualStudioVersion = 10.0.40219.1
Project("{FAE04EC0-301F-11D3-BF4B-00C04F79EFBC}") = "SampleBackendApp", "SampleBackendApp\SampleBackendApp.csproj", "{0D2F4884-FFF1-41E0-B228-31115D93E99A}"
EndProject
Global
	GlobalSection(SolutionConfigurationPlatforms) = preSolution
		Debug|Any CPU = Debug|Any CPU
		Release|Any CPU = Release|Any CPU
	EndGlobalSection
	GlobalSection(ProjectConfigurationPlatforms) = postSolution
		{0D2F4884-FFF1-41E0-B228-31115D93E99A}.Debug|Any CPU.ActiveCfg = Debug|Any CPU
		{0D2F4884-FFF1-41E0-B228-31115D93E99A}.Debug|Any CPU.Build.0 = Debug|Any CPU
		{0D2F4884-FFF1-41E0-B228-31115D93E99A}.Release|Any CPU.ActiveCfg = Release|Any CPU
		{0D2F4884-FFF1-41E0-B228-31115D93E99A}.Release|Any CPU.Build.0 = Release|Any CPU
	EndGlobalSection
	GlobalSection(SolutionProperties) = preSolution
		HideSolutionNode = FALSE
	EndGlobalSection
	GlobalSection(ExtensibilityGlobals) = postSolution
		SolutionGuid = {CD6779F5-D55D-44F0-91CB-BA0FE2F1F3B5}
	EndGlobalSection
EndGlobal
